
Microsoft Visual Studio Solution File, Format Version 11.00
# Visual Studio 2010
Project("{FAE04EC0-301F-11D3-BF4B-00C04F79EFBC}") = "Corti Multi", "Corti Multi\Corti Multi.csproj", "{ADEFA4FD-1D01-4009-AAB1-127D7FE5F51A}"
EndProject
Global
	GlobalSection(SolutionConfigurationPlatforms) = preSolution
		Debug|Any CPU = Debug|Any CPU
		Release|Any CPU = Release|Any CPU
	EndGlobalSection
	GlobalSection(ProjectConfigurationPlatforms) = postSolution
		{ADEFA4FD-1D01-4009-AAB1-127D7FE5F51A}.Debug|Any CPU.ActiveCfg = Debug|Any CPU
		{ADEFA4FD-1D01-4009-AAB1-127D7FE5F51A}.Debug|Any CPU.Build.0 = Debug|Any CPU
		{ADEFA4FD-1D01-4009-AAB1-127D7FE5F51A}.Release|Any CPU.ActiveCfg = Release|Any CPU
		{ADEFA4FD-1D01-4009-AAB1-127D7FE5F51A}.Release|Any CPU.Build.0 = Release|Any CPU
	EndGlobalSection
	GlobalSection(SolutionProperties) = preSolution
		HideSolutionNode = FALSE
	EndGlobalSection
EndGlobal
